
Microsoft Visual Studio Solution File, Format Version 12.00
# Visual Studio Version 17
VisualStudioVersion = 17.7.34031.279
MinimumVisualStudioVersion = 10.0.40219.1
Project("{FAE04EC0-301F-11D3-BF4B-00C04F79EFBC}") = "Twitter.Api", "TwitterApi\Twitter.Api.csproj", "{320DCBF5-6F9B-4DD1-8417-35B7880460ED}"
EndProject
Project("{FAE04EC0-301F-11D3-BF4B-00C04F79EFBC}") = "Twitter.Business", "TwitterBusiness\Twitter.Business.csproj", "{B00CAAF8-CD5C-4CFF-80AE-EA23ECB7A8AD}"
EndProject
Project("{FAE04EC0-301F-11D3-BF4B-00C04F79EFBC}") = "Twitter.Core", "Twitter.Core\Twitter.Core.csproj", "{5676CE8B-8D5E-4155-B784-55AD577EAD8E}"
EndProject
Project("{FAE04EC0-301F-11D3-BF4B-00C04F79EFBC}") = "Twitter.DAL", "Twitter.DAL\Twitter.DAL.csproj", "{BF5B670E-A69B-483D-8AFC-96DCB782A2DA}"
EndProject
Global
	GlobalSection(SolutionConfigurationPlatforms) = preSolution
		Debug|Any CPU = Debug|Any CPU
		Release|Any CPU = Release|Any CPU
	EndGlobalSection
	GlobalSection(ProjectConfigurationPlatforms) = postSolution
		{320DCBF5-6F9B-4DD1-8417-35B7880460ED}.Debug|Any CPU.ActiveCfg = Debug|Any CPU
		{320DCBF5-6F9B-4DD1-8417-35B7880460ED}.Debug|Any CPU.Build.0 = Debug|Any CPU
		{320DCBF5-6F9B-4DD1-8417-35B7880460ED}.Release|Any CPU.ActiveCfg = Release|Any CPU
		{320DCBF5-6F9B-4DD1-8417-35B7880460ED}.Release|Any CPU.Build.0 = Release|Any CPU
		{B00CAAF8-CD5C-4CFF-80AE-EA23ECB7A8AD}.Debug|Any CPU.ActiveCfg = Debug|Any CPU
		{B00CAAF8-CD5C-4CFF-80AE-EA23ECB7A8AD}.Debug|Any CPU.Build.0 = Debug|Any CPU
		{B00CAAF8-CD5C-4CFF-80AE-EA23ECB7A8AD}.Release|Any CPU.ActiveCfg = Release|Any CPU
		{B00CAAF8-CD5C-4CFF-80AE-EA23ECB7A8AD}.Release|Any CPU.Build.0 = Release|Any CPU
		{5676CE8B-8D5E-4155-B784-55AD577EAD8E}.Debug|Any CPU.ActiveCfg = Debug|Any CPU
		{5676CE8B-8D5E-4155-B784-55AD577EAD8E}.Debug|Any CPU.Build.0 = Debug|Any CPU
		{5676CE8B-8D5E-4155-B784-55AD577EAD8E}.Release|Any CPU.ActiveCfg = Release|Any CPU
		{5676CE8B-8D5E-4155-B784-55AD577EAD8E}.Release|Any CPU.Build.0 = Release|Any CPU
		{BF5B670E-A69B-483D-8AFC-96DCB782A2DA}.Debug|Any CPU.ActiveCfg = Debug|Any CPU
		{BF5B670E-A69B-483D-8AFC-96DCB782A2DA}.Debug|Any CPU.Build.0 = Debug|Any CPU
		{BF5B670E-A69B-483D-8AFC-96DCB782A2DA}.Release|Any CPU.ActiveCfg = Release|Any CPU
		{BF5B670E-A69B-483D-8AFC-96DCB782A2DA}.Release|Any CPU.Build.0 = Release|Any CPU
	EndGlobalSection
	GlobalSection(SolutionProperties) = preSolution
		HideSolutionNode = FALSE
	EndGlobalSection
	GlobalSection(ExtensibilityGlobals) = postSolution
		SolutionGuid = {8E19967A-F0BD-4CBB-9CB3-8AA00C10ED8E}
	EndGlobalSection
EndGlobal
